// !$*UTF8*$!
{
	archiveVersion = 1;
	classes = {
	};
	objectVersion = 56;
	objects = {

/* Begin PBXBuildFile section */
		0FD229D82BC995EC00513870 /* AppDelegate.swift in Sources */ = {isa = PBXBuildFile; fileRef = 0FD229D72BC995EC00513870 /* AppDelegate.swift */; };
		0FD229DA2BC995EC00513870 /* SceneDelegate.swift in Sources */ = {isa = PBXBuildFile; fileRef = 0FD229D92BC995EC00513870 /* SceneDelegate.swift */; };
		0FD229DC2BC995EC00513870 /* ViewController.swift in Sources */ = {isa = PBXBuildFile; fileRef = 0FD229DB2BC995EC00513870 /* ViewController.swift */; };
		0FD229DF2BC995EC00513870 /* Main.storyboard in Resources */ = {isa = PBXBuildFile; fileRef = 0FD229DD2BC995EC00513870 /* Main.storyboard */; };
		0FD229E12BC995EE00513870 /* Assets.xcassets in Resources */ = {isa = PBXBuildFile; fileRef = 0FD229E02BC995EE00513870 /* Assets.xcassets */; };
		0FD229E42BC995EE00513870 /* LaunchScreen.storyboard in Resources */ = {isa = PBXBuildFile; fileRef = 0FD229E22BC995EE00513870 /* LaunchScreen.storyboard */; };
		0FD229EC2BC9BCA900513870 /* StudentQuestionarieViewController.swift in Sources */ = {isa = PBXBuildFile; fileRef = 0FD229EB2BC9BCA900513870 /* StudentQuestionarieViewController.swift */; };
		0FD229EE2BC9D48200513870 /* SavedStudentViewController.swift in Sources */ = {isa = PBXBuildFile; fileRef = 0FD229ED2BC9D48200513870 /* SavedStudentViewController.swift */; };
		0FD229F02BC9EC6C00513870 /* ListOfStudentsViewController.swift in Sources */ = {isa = PBXBuildFile; fileRef = 0FD229EF2BC9EC6C00513870 /* ListOfStudentsViewController.swift */; };
		0FD229F22BC9EE8700513870 /* Student.swift in Sources */ = {isa = PBXBuildFile; fileRef = 0FD229F12BC9EE8700513870 /* Student.swift */; };
		0FD229F82BCAFD0900513870 /* studentCell.swift in Sources */ = {isa = PBXBuildFile; fileRef = 0FD229F72BCAFD0900513870 /* studentCell.swift */; };
/* End PBXBuildFile section */

/* Begin PBXFileReference section */
		0FD229D42BC995EC00513870 /* tutoring-manager.app */ = {isa = PBXFileReference; explicitFileType = wrapper.application; includeInIndex = 0; path = "tutoring-manager.app"; sourceTree = BUILT_PRODUCTS_DIR; };
		0FD229D72BC995EC00513870 /* AppDelegate.swift */ = {isa = PBXFileReference; lastKnownFileType = sourcecode.swift; path = AppDelegate.swift; sourceTree = "<group>"; };
		0FD229D92BC995EC00513870 /* SceneDelegate.swift */ = {isa = PBXFileReference; lastKnownFileType = sourcecode.swift; path = SceneDelegate.swift; sourceTree = "<group>"; };
		0FD229DB2BC995EC00513870 /* ViewController.swift */ = {isa = PBXFileReference; lastKnownFileType = sourcecode.swift; path = ViewController.swift; sourceTree = "<group>"; };
		0FD229DE2BC995EC00513870 /* Base */ = {isa = PBXFileReference; lastKnownFileType = file.storyboard; name = Base; path = Base.lproj/Main.storyboard; sourceTree = "<group>"; };
		0FD229E02BC995EE00513870 /* Assets.xcassets */ = {isa = PBXFileReference; lastKnownFileType = folder.assetcatalog; path = Assets.xcassets; sourceTree = "<group>"; };
		0FD229E32BC995EE00513870 /* Base */ = {isa = PBXFileReference; lastKnownFileType = file.storyboard; name = Base; path = Base.lproj/LaunchScreen.storyboard; sourceTree = "<group>"; };
		0FD229E52BC995EE00513870 /* Info.plist */ = {isa = PBXFileReference; lastKnownFileType = text.plist.xml; path = Info.plist; sourceTree = "<group>"; };
		0FD229EB2BC9BCA900513870 /* StudentQuestionarieViewController.swift */ = {isa = PBXFileReference; lastKnownFileType = sourcecode.swift; path = StudentQuestionarieViewController.swift; sourceTree = "<group>"; };
		0FD229ED2BC9D48200513870 /* SavedStudentViewController.swift */ = {isa = PBXFileReference; lastKnownFileType = sourcecode.swift; path = SavedStudentViewController.swift; sourceTree = "<group>"; };
		0FD229EF2BC9EC6C00513870 /* ListOfStudentsViewController.swift */ = {isa = PBXFileReference; lastKnownFileType = sourcecode.swift; path = ListOfStudentsViewController.swift; sourceTree = "<group>"; };
		0FD229F12BC9EE8700513870 /* Student.swift */ = {isa = PBXFileReference; lastKnownFileType = sourcecode.swift; path = Student.swift; sourceTree = "<group>"; };
		0FD229F72BCAFD0900513870 /* studentCell.swift */ = {isa = PBXFileReference; lastKnownFileType = sourcecode.swift; path = studentCell.swift; sourceTree = "<group>"; };
/* End PBXFileReference section */

/* Begin PBXFrameworksBuildPhase section */
		0FD229D12BC995EC00513870 /* Frameworks */ = {
			isa = PBXFrameworksBuildPhase;
			buildActionMask = 2147483647;
			files = (
			);
			runOnlyForDeploymentPostprocessing = 0;
		};
/* End PBXFrameworksBuildPhase section */

/* Begin PBXGroup section */
		0FD229CB2BC995EC00513870 = {
			isa = PBXGroup;
			children = (
				0FD229D62BC995EC00513870 /* tutoring-manager */,
				0FD229D52BC995EC00513870 /* Products */,
			);
			sourceTree = "<group>";
		};
		0FD229D52BC995EC00513870 /* Products */ = {
			isa = PBXGroup;
			children = (
				0FD229D42BC995EC00513870 /* tutoring-manager.app */,
			);
			name = Products;
			sourceTree = "<group>";
		};
		0FD229D62BC995EC00513870 /* tutoring-manager */ = {
			isa = PBXGroup;
			children = (
				0FD229F12BC9EE8700513870 /* Student.swift */,
				0FD229D72BC995EC00513870 /* AppDelegate.swift */,
				0FD229D92BC995EC00513870 /* SceneDelegate.swift */,
				0FD229DB2BC995EC00513870 /* ViewController.swift */,
				0FD229DD2BC995EC00513870 /* Main.storyboard */,
				0FD229E02BC995EE00513870 /* Assets.xcassets */,
				0FD229E22BC995EE00513870 /* LaunchScreen.storyboard */,
				0FD229E52BC995EE00513870 /* Info.plist */,
				0FD229EB2BC9BCA900513870 /* StudentQuestionarieViewController.swift */,
				0FD229ED2BC9D48200513870 /* SavedStudentViewController.swift */,
				0FD229EF2BC9EC6C00513870 /* ListOfStudentsViewController.swift */,
				0FD229F72BCAFD0900513870 /* studentCell.swift */,
			);
			path = "tutoring-manager";
			sourceTree = "<group>";
		};
/* End PBXGroup section */

/* Begin PBXNativeTarget section */
		0FD229D32BC995EC00513870 /* tutoring-manager */ = {
			isa = PBXNativeTarget;
			buildConfigurationList = 0FD229E82BC995EE00513870 /* Build configuration list for PBXNativeTarget "tutoring-manager" */;
			buildPhases = (
				0FD229D02BC995EC00513870 /* Sources */,
				0FD229D12BC995EC00513870 /* Frameworks */,
				0FD229D22BC995EC00513870 /* Resources */,
			);
			buildRules = (
			);
			dependencies = (
			);
			name = "tutoring-manager";
			productName = "tutoring-manager";
			productReference = 0FD229D42BC995EC00513870 /* tutoring-manager.app */;
			productType = "com.apple.product-type.application";
		};
/* End PBXNativeTarget section */

/* Begin PBXProject section */
		0FD229CC2BC995EC00513870 /* Project object */ = {
			isa = PBXProject;
			attributes = {
				BuildIndependentTargetsInParallel = 1;
				LastSwiftUpdateCheck = 1430;
				LastUpgradeCheck = 1430;
				TargetAttributes = {
					0FD229D32BC995EC00513870 = {
						CreatedOnToolsVersion = 14.3;
					};
				};
			};
			buildConfigurationList = 0FD229CF2BC995EC00513870 /* Build configuration list for PBXProject "tutoring-manager" */;
			compatibilityVersion = "Xcode 14.0";
			developmentRegion = en;
			hasScannedForEncodings = 0;
			knownRegions = (
				en,
				Base,
			);
			mainGroup = 0FD229CB2BC995EC00513870;
			productRefGroup = 0FD229D52BC995EC00513870 /* Products */;
			projectDirPath = "";
			projectRoot = "";
			targets = (
				0FD229D32BC995EC00513870 /* tutoring-manager */,
			);
		};
/* End PBXProject section */

/* Begin PBXResourcesBuildPhase section */
		0FD229D22BC995EC00513870 /* Resources */ = {
			isa = PBXResourcesBuildPhase;
			buildActionMask = 2147483647;
			files = (
				0FD229E42BC995EE00513870 /* LaunchScreen.storyboard in Resources */,
				0FD229E12BC995EE00513870 /* Assets.xcassets in Resources */,
				0FD229DF2BC995EC00513870 /* Main.storyboard in Resources */,
			);
			runOnlyForDeploymentPostprocessing = 0;
		};
/* End PBXResourcesBuildPhase section */

/* Begin PBXSourcesBuildPhase section */
		0FD229D02BC995EC00513870 /* Sources */ = {
			isa = PBXSourcesBuildPhase;
			buildActionMask = 2147483647;
			files = (
				0FD229DC2BC995EC00513870 /* ViewController.swift in Sources */,
				0FD229F02BC9EC6C00513870 /* ListOfStudentsViewController.swift in Sources */,
				0FD229EC2BC9BCA900513870 /* StudentQuestionarieViewController.swift in Sources */,
				0FD229F82BCAFD0900513870 /* studentCell.swift in Sources */,
				0FD229D82BC995EC00513870 /* AppDelegate.swift in Sources */,
				0FD229EE2BC9D48200513870 /* SavedStudentViewController.swift in Sources */,
				0FD229F22BC9EE8700513870 /* Student.swift in Sources */,
				0FD229DA2BC995EC00513870 /* SceneDelegate.swift in Sources */,
			);
			runOnlyForDeploymentPostprocessing = 0;
		};
/* End PBXSourcesBuildPhase section */

/* Begin PBXVariantGroup section */
		0FD229DD2BC995EC00513870 /* Main.storyboard */ = {
			isa = PBXVariantGroup;
			children = (
				0FD229DE2BC995EC00513870 /* Base */,
			);
			name = Main.storyboard;
			sourceTree = "<group>";
		};
		0FD229E22BC995EE00513870 /* LaunchScreen.storyboard */ = {
			isa = PBXVariantGroup;
			children = (
				0FD229E32BC995EE00513870 /* Base */,
			);
			name = LaunchScreen.storyboard;
			sourceTree = "<group>";
		};
/* End PBXVariantGroup section */

/* Begin XCBuildConfiguration section */
		0FD229E62BC995EE00513870 /* Debug */ = {
			isa = XCBuildConfiguration;
			buildSettings = {
				ALWAYS_SEARCH_USER_PATHS = NO;
				CLANG_ANALYZER_NONNULL = YES;
				CLANG_ANALYZER_NUMBER_OBJECT_CONVERSION = YES_AGGRESSIVE;
				CLANG_CXX_LANGUAGE_STANDARD = "gnu++20";
				CLANG_ENABLE_MODULES = YES;
				CLANG_ENABLE_OBJC_ARC = YES;
				CLANG_ENABLE_OBJC_WEAK = YES;
				CLANG_WARN_BLOCK_CAPTURE_AUTORELEASING = YES;
				CLANG_WARN_BOOL_CONVERSION = YES;
				CLANG_WARN_COMMA = YES;
				CLANG_WARN_CONSTANT_CONVERSION = YES;
				CLANG_WARN_DEPRECATED_OBJC_IMPLEMENTATIONS = YES;
				CLANG_WARN_DIRECT_OBJC_ISA_USAGE = YES_ERROR;
				CLANG_WARN_DOCUMENTATION_COMMENTS = YES;
				CLANG_WARN_EMPTY_BODY = YES;
				CLANG_WARN_ENUM_CONVERSION = YES;
				CLANG_WARN_INFINITE_RECURSION = YES;
				CLANG_WARN_INT_CONVERSION = YES;
				CLANG_WARN_NON_LITERAL_NULL_CONVERSION = YES;
				CLANG_WARN_OBJC_IMPLICIT_RETAIN_SELF = YES;
				CLANG_WARN_OBJC_LITERAL_CONVERSION = YES;
				CLANG_WARN_OBJC_ROOT_CLASS = YES_ERROR;
				CLANG_WARN_QUOTED_INCLUDE_IN_FRAMEWORK_HEADER = YES;
				CLANG_WARN_RANGE_LOOP_ANALYSIS = YES;
				CLANG_WARN_STRICT_PROTOTYPES = YES;
				CLANG_WARN_SUSPICIOUS_MOVE = YES;
				CLANG_WARN_UNGUARDED_AVAILABILITY = YES_AGGRESSIVE;
				CLANG_WARN_UNREACHABLE_CODE = YES;
				CLANG_WARN__DUPLICATE_METHOD_MATCH = YES;
				COPY_PHASE_STRIP = NO;
				DEBUG_INFORMATION_FORMAT = dwarf;
				ENABLE_STRICT_OBJC_MSGSEND = YES;
				ENABLE_TESTABILITY = YES;
				GCC_C_LANGUAGE_STANDARD = gnu11;
				GCC_DYNAMIC_NO_PIC = NO;
				GCC_NO_COMMON_BLOCKS = YES;
				GCC_OPTIMIZATION_LEVEL = 0;
				GCC_PREPROCESSOR_DEFINITIONS = (
					"DEBUG=1",
					"$(inherited)",
				);
				GCC_WARN_64_TO_32_BIT_CONVERSION = YES;
				GCC_WARN_ABOUT_RETURN_TYPE = YES_ERROR;
				GCC_WARN_UNDECLARED_SELECTOR = YES;
				GCC_WARN_UNINITIALIZED_AUTOS = YES_AGGRESSIVE;
				GCC_WARN_UNUSED_FUNCTION = YES;
				GCC_WARN_UNUSED_VARIABLE = YES;
				IPHONEOS_DEPLOYMENT_TARGET = 16.4;
				MTL_ENABLE_DEBUG_INFO = INCLUDE_SOURCE;
				MTL_FAST_MATH = YES;
				ONLY_ACTIVE_ARCH = YES;
				SDKROOT = iphoneos;
				SWIFT_ACTIVE_COMPILATION_CONDITIONS = DEBUG;
				SWIFT_OPTIMIZATION_LEVEL = "-Onone";
			};
			name = Debug;
		};
		0FD229E72BC995EE00513870 /* Release */ = {
			isa = XCBuildConfiguration;
			buildSettings = {
				ALWAYS_SEARCH_USER_PATHS = NO;
				CLANG_ANALYZER_NONNULL = YES;
				CLANG_ANALYZER_NUMBER_OBJECT_CONVERSION = YES_AGGRESSIVE;
				CLANG_CXX_LANGUAGE_STANDARD = "gnu++20";
				CLANG_ENABLE_MODULES = YES;
				CLANG_ENABLE_OBJC_ARC = YES;
				CLANG_ENABLE_OBJC_WEAK = YES;
				CLANG_WARN_BLOCK_CAPTURE_AUTORELEASING = YES;
				CLANG_WARN_BOOL_CONVERSION = YES;
				CLANG_WARN_COMMA = YES;
				CLANG_WARN_CONSTANT_CONVERSION = YES;
				CLANG_WARN_DEPRECATED_OBJC_IMPLEMENTATIONS = YES;
				CLANG_WARN_DIRECT_OBJC_ISA_USAGE = YES_ERROR;
				CLANG_WARN_DOCUMENTATION_COMMENTS = YES;
				CLANG_WARN_EMPTY_BODY = YES;
				CLANG_WARN_ENUM_CONVERSION = YES;
				CLANG_WARN_INFINITE_RECURSION = YES;
				CLANG_WARN_INT_CONVERSION = YES;
				CLANG_WARN_NON_LITERAL_NULL_CONVERSION = YES;
				CLANG_WARN_OBJC_IMPLICIT_RETAIN_SELF = YES;
				CLANG_WARN_OBJC_LITERAL_CONVERSION = YES;
				CLANG_WARN_OBJC_ROOT_CLASS = YES_ERROR;
				CLANG_WARN_QUOTED_INCLUDE_IN_FRAMEWORK_HEADER = YES;
				CLANG_WARN_RANGE_LOOP_ANALYSIS = YES;
				CLANG_WARN_STRICT_PROTOTYPES = YES;
				CLANG_WARN_SUSPICIOUS_MOVE = YES;
				CLANG_WARN_UNGUARDED_AVAILABILITY = YES_AGGRESSIVE;
				CLANG_WARN_UNREACHABLE_CODE = YES;
				CLANG_WARN__DUPLICATE_METHOD_MATCH = YES;
				COPY_PHASE_STRIP = NO;
				DEBUG_INFORMATION_FORMAT = "dwarf-with-dsym";
				ENABLE_NS_ASSERTIONS = NO;
				ENABLE_STRICT_OBJC_MSGSEND = YES;
				GCC_C_LANGUAGE_STANDARD = gnu11;
				GCC_NO_COMMON_BLOCKS = YES;
				GCC_WARN_64_TO_32_BIT_CONVERSION = YES;
				GCC_WARN_ABOUT_RETURN_TYPE = YES_ERROR;
				GCC_WARN_UNDECLARED_SELECTOR = YES;
				GCC_WARN_UNINITIALIZED_AUTOS = YES_AGGRESSIVE;
				GCC_WARN_UNUSED_FUNCTION = YES;
				GCC_WARN_UNUSED_VARIABLE = YES;
				IPHONEOS_DEPLOYMENT_TARGET = 16.4;
				MTL_ENABLE_DEBUG_INFO = NO;
				MTL_FAST_MATH = YES;
				SDKROOT = iphoneos;
				SWIFT_COMPILATION_MODE = wholemodule;
				SWIFT_OPTIMIZATION_LEVEL = "-O";
				VALIDATE_PRODUCT = YES;
			};
			name = Release;
		};
		0FD229E92BC995EE00513870 /* Debug */ = {
			isa = XCBuildConfiguration;
			buildSettings = {
				ASSETCATALOG_COMPILER_APPICON_NAME = AppIcon;
				ASSETCATALOG_COMPILER_GLOBAL_ACCENT_COLOR_NAME = AccentColor;
				CODE_SIGN_STYLE = Automatic;
				CURRENT_PROJECT_VERSION = 1;
				GENERATE_INFOPLIST_FILE = YES;
				INFOPLIST_FILE = "tutoring-manager/Info.plist";
				INFOPLIST_KEY_UIApplicationSupportsIndirectInputEvents = YES;
				INFOPLIST_KEY_UILaunchStoryboardName = LaunchScreen;
				INFOPLIST_KEY_UIMainStoryboardFile = Main;
				INFOPLIST_KEY_UISupportedInterfaceOrientations_iPad = "UIInterfaceOrientationPortrait UIInterfaceOrientationPortraitUpsideDown UIInterfaceOrientationLandscapeLeft UIInterfaceOrientationLandscapeRight";
				INFOPLIST_KEY_UISupportedInterfaceOrientations_iPhone = "UIInterfaceOrientationPortrait UIInterfaceOrientationLandscapeLeft UIInterfaceOrientationLandscapeRight";
				LD_RUNPATH_SEARCH_PATHS = (
					"$(inherited)",
					"@executable_path/Frameworks",
				);
				MARKETING_VERSION = 1.0;
				PRODUCT_BUNDLE_IDENTIFIER = "moba.tutoring-manager";
				PRODUCT_NAME = "$(TARGET_NAME)";
				SWIFT_EMIT_LOC_STRINGS = YES;
				SWIFT_VERSION = 5.0;
				TARGETED_DEVICE_FAMILY = "1,2";
			};
			name = Debug;
		};
		0FD229EA2BC995EE00513870 /* Release */ = {
			isa = XCBuildConfiguration;
			buildSettings = {
				ASSETCATALOG_COMPILER_APPICON_NAME = AppIcon;
				ASSETCATALOG_COMPILER_GLOBAL_ACCENT_COLOR_NAME = AccentColor;
				CODE_SIGN_STYLE = Automatic;
				CURRENT_PROJECT_VERSION = 1;
				GENERATE_INFOPLIST_FILE = YES;
				INFOPLIST_FILE = "tutoring-manager/Info.plist";
				INFOPLIST_KEY_UIApplicationSupportsIndirectInputEvents = YES;
				INFOPLIST_KEY_UILaunchStoryboardName = LaunchScreen;
				INFOPLIST_KEY_UIMainStoryboardFile = Main;
				INFOPLIST_KEY_UISupportedInterfaceOrientations_iPad = "UIInterfaceOrientationPortrait UIInterfaceOrientationPortraitUpsideDown UIInterfaceOrientationLandscapeLeft UIInterfaceOrientationLandscapeRight";
				INFOPLIST_KEY_UISupportedInterfaceOrientations_iPhone = "UIInterfaceOrientationPortrait UIInterfaceOrientationLandscapeLeft UIInterfaceOrientationLandscapeRight";
				LD_RUNPATH_SEARCH_PATHS = (
					"$(inherited)",
					"@executable_path/Frameworks",
				);
				MARKETING_VERSION = 1.0;
				PRODUCT_BUNDLE_IDENTIFIER = "moba.tutoring-manager";
				PRODUCT_NAME = "$(TARGET_NAME)";
				SWIFT_EMIT_LOC_STRINGS = YES;
				SWIFT_VERSION = 5.0;
				TARGETED_DEVICE_FAMILY = "1,2";
			};
			name = Release;
		};
/* End XCBuildConfiguration section */

/* Begin XCConfigurationList section */
		0FD229CF2BC995EC00513870 /* Build configuration list for PBXProject "tutoring-manager" */ = {
			isa = XCConfigurationList;
			buildConfigurations = (
				0FD229E62BC995EE00513870 /* Debug */,
				0FD229E72BC995EE00513870 /* Release */,
			);
			defaultConfigurationIsVisible = 0;
			defaultConfigurationName = Release;
		};
		0FD229E82BC995EE00513870 /* Build configuration list for PBXNativeTarget "tutoring-manager" */ = {
			isa = XCConfigurationList;
			buildConfigurations = (
				0FD229E92BC995EE00513870 /* Debug */,
				0FD229EA2BC995EE00513870 /* Release */,
			);
			defaultConfigurationIsVisible = 0;
			defaultConfigurationName = Release;
		};
/* End XCConfigurationList section */
	};
	rootObject = 0FD229CC2BC995EC00513870 /* Project object */;
}
